
Microsoft Visual Studio Solution File, Format Version 12.00
# Visual Studio Version 16
VisualStudioVersion = 16.0.31129.286
MinimumVisualStudioVersion = 10.0.40219.1
Project("{FAE04EC0-301F-11D3-BF4B-00C04F79EFBC}") = "ClassLibrary4", "ClassLibrary4.csproj", "{2B35B217-FE61-4863-AD49-1869842A9186}"
EndProject
Global
	GlobalSection(SolutionConfigurationPlatforms) = preSolution
		Debug|Any CPU = Debug|Any CPU
		Release|Any CPU = Release|Any CPU
	EndGlobalSection
	GlobalSection(ProjectConfigurationPlatforms) = postSolution
		{2B35B217-FE61-4863-AD49-1869842A9186}.Debug|Any CPU.ActiveCfg = Debug|Any CPU
		{2B35B217-FE61-4863-AD49-1869842A9186}.Debug|Any CPU.Build.0 = Debug|Any CPU
		{2B35B217-FE61-4863-AD49-1869842A9186}.Release|Any CPU.ActiveCfg = Release|Any CPU
		{2B35B217-FE61-4863-AD49-1869842A9186}.Release|Any CPU.Build.0 = Release|Any CPU
	EndGlobalSection
	GlobalSection(SolutionProperties) = preSolution
		HideSolutionNode = FALSE
	EndGlobalSection
	GlobalSection(ExtensibilityGlobals) = postSolution
		SolutionGuid = {82B1E5E8-9B32-4866-A88A-5AC8925AA0EC}
	EndGlobalSection
EndGlobal
